
Microsoft Visual Studio Solution File, Format Version 12.00
# Visual Studio 15
Project("{FAE04EC0-301F-11D3-BF4B-00C04F79EFBC}") = "InputSystem.Samples.Visualizers", "InputSystem.Samples.Visualizers.csproj", "{A15AB997-3893-5126-F749-DC110073F003}"
EndProject
Project("{FAE04EC0-301F-11D3-BF4B-00C04F79EFBC}") = "Unity.XR.Management.Samples", "Unity.XR.Management.Samples.csproj", "{AC801944-4997-763B-80DB-2E8A1854B7CD}"
EndProject
Project("{FAE04EC0-301F-11D3-BF4B-00C04F79EFBC}") = "Unity.XR.Management.Samples.Editor", "Unity.XR.Management.Samples.Editor.csproj", "{19F1F7DD-9254-11CF-7E75-57A05B98B78F}"
EndProject
Global
	GlobalSection(SolutionConfigurationPlatforms) = preSolution
		Debug|Any CPU = Debug|Any CPU
		Release|Any CPU = Release|Any CPU
	EndGlobalSection
	GlobalSection(ProjectConfigurationPlatforms) = postSolution
		{A15AB997-3893-5126-F749-DC110073F003}.Debug|Any CPU.ActiveCfg = Debug|Any CPU
		{A15AB997-3893-5126-F749-DC110073F003}.Debug|Any CPU.Build.0 = Debug|Any CPU
		{A15AB997-3893-5126-F749-DC110073F003}.Release|Any CPU.ActiveCfg = Release|Any CPU
		{A15AB997-3893-5126-F749-DC110073F003}.Release|Any CPU.Build.0 = Release|Any CPU
		{AC801944-4997-763B-80DB-2E8A1854B7CD}.Debug|Any CPU.ActiveCfg = Debug|Any CPU
		{AC801944-4997-763B-80DB-2E8A1854B7CD}.Debug|Any CPU.Build.0 = Debug|Any CPU
		{AC801944-4997-763B-80DB-2E8A1854B7CD}.Release|Any CPU.ActiveCfg = Release|Any CPU
		{AC801944-4997-763B-80DB-2E8A1854B7CD}.Release|Any CPU.Build.0 = Release|Any CPU
		{19F1F7DD-9254-11CF-7E75-57A05B98B78F}.Debug|Any CPU.ActiveCfg = Debug|Any CPU
		{19F1F7DD-9254-11CF-7E75-57A05B98B78F}.Debug|Any CPU.Build.0 = Debug|Any CPU
		{19F1F7DD-9254-11CF-7E75-57A05B98B78F}.Release|Any CPU.ActiveCfg = Release|Any CPU
		{19F1F7DD-9254-11CF-7E75-57A05B98B78F}.Release|Any CPU.Build.0 = Release|Any CPU
	EndGlobalSection
	GlobalSection(SolutionProperties) = preSolution
		HideSolutionNode = FALSE
	EndGlobalSection
EndGlobal
